
Microsoft Visual Studio Solution File, Format Version 12.00
# Visual Studio Version 17
VisualStudioVersion = 17.4.33213.308
MinimumVisualStudioVersion = 10.0.40219.1
Project("{FAE04EC0-301F-11D3-BF4B-00C04F79EFBC}") = "Cleverence_1", "Cleverence_1.csproj", "{61D0012C-0793-4029-94A8-613E577EA7B6}"
EndProject
Project("{FAE04EC0-301F-11D3-BF4B-00C04F79EFBC}") = "Cleverence_1_Test", "..\Cleverence_1_Test\Cleverence_1_Test.csproj", "{CBC3CEAF-1BB7-49FB-AA6E-88CA9AA22D8A}"
EndProject
Global
	GlobalSection(SolutionConfigurationPlatforms) = preSolution
		Debug|Any CPU = Debug|Any CPU
		Release|Any CPU = Release|Any CPU
	EndGlobalSection
	GlobalSection(ProjectConfigurationPlatforms) = postSolution
		{61D0012C-0793-4029-94A8-613E577EA7B6}.Debug|Any CPU.ActiveCfg = Debug|Any CPU
		{61D0012C-0793-4029-94A8-613E577EA7B6}.Debug|Any CPU.Build.0 = Debug|Any CPU
		{61D0012C-0793-4029-94A8-613E577EA7B6}.Release|Any CPU.ActiveCfg = Release|Any CPU
		{61D0012C-0793-4029-94A8-613E577EA7B6}.Release|Any CPU.Build.0 = Release|Any CPU
		{CBC3CEAF-1BB7-49FB-AA6E-88CA9AA22D8A}.Debug|Any CPU.ActiveCfg = Debug|Any CPU
		{CBC3CEAF-1BB7-49FB-AA6E-88CA9AA22D8A}.Debug|Any CPU.Build.0 = Debug|Any CPU
		{CBC3CEAF-1BB7-49FB-AA6E-88CA9AA22D8A}.Release|Any CPU.ActiveCfg = Release|Any CPU
		{CBC3CEAF-1BB7-49FB-AA6E-88CA9AA22D8A}.Release|Any CPU.Build.0 = Release|Any CPU
	EndGlobalSection
	GlobalSection(SolutionProperties) = preSolution
		HideSolutionNode = FALSE
	EndGlobalSection
	GlobalSection(ExtensibilityGlobals) = postSolution
		SolutionGuid = {F62D5A16-6DA4-4D6A-9C4B-2CE38AD03515}
	EndGlobalSection
EndGlobal
